github.com/go-zoox/cookie v1.0.2 h1:fEccN4WHF9LheJlwArleALlPgOC40ME7BRNh7nklM5M=
github.com/go-zoox/cookie v1.0.2/go.mod h1:+xEawxty0L+z+4EIvTF2AaHUkUM7oIecGZ9XrEaYqsI=
github.com/go-zoox/crypto v1.1.8 h1:oI2KPLy+SsGeb+h5A99n9MTQVp4jBhwJWkqjStUzz9I=
github.com/go-zoox/crypto v1.1.8/go.mod h1:JqgNr9HcFFGQkMCGLJ9djtfg/RWVLxtunG01HD3lUXM=
github.com/pkg/errors v0.9.1 h1:FEBLx1zS214owpjy7qsBeixbURkuhQAwrK5UwLGTwt4=
github.com/pkg/errors v0.9.1/go.mod h1:bwawxfHBFNV+L2hUp1rHADufV3IMtnDRdf1r5NINEl0=
golang.org/x/crypto v0.0.0-20220313003712-b769efc7c000 h1:SL+8VVnkqyshUSz5iNnXtrBQzvFF2SkROm6t5RczFAE=
golang.org/x/crypto v0.0.0-20220313003712-b769efc7c000/go.mod h1:IxCIyHEi3zRg3s0A5j5BB6A9Jmi73HwBIUl50j+osU4=
golang.org/x/sys v0.0.0-20220128215802-99c3d69c2c27 h1:XDXtA5hveEEV8JB2l7nhMTp3t3cHp9ZpwcdjqyEWLlo=
golang.org/x/sys v0.0.0-20220128215802-99c3d69c2c27/go.mod h1:oPkhp1MJrh7nUepCBck5+mAzfO9JrbApNNgaTdGDITg=
